
Microsoft Visual Studio Solution File, Format Version 12.00
# Visual Studio Version 16
VisualStudioVersion = 16.0.31624.102
MinimumVisualStudioVersion = 10.0.40219.1
Project("{FAE04EC0-301F-11D3-BF4B-00C04F79EFBC}") = "P1-AP1-Prandi-20190281", "P1-AP1-Prandi-20190281.csproj", "{608CAAB7-82D2-4F7B-AA8A-5232B7E83741}"
EndProject
Global
	GlobalSection(SolutionConfigurationPlatforms) = preSolution
		Debug|Any CPU = Debug|Any CPU
		Release|Any CPU = Release|Any CPU
	EndGlobalSection
	GlobalSection(ProjectConfigurationPlatforms) = postSolution
		{608CAAB7-82D2-4F7B-AA8A-5232B7E83741}.Debug|Any CPU.ActiveCfg = Debug|Any CPU
		{608CAAB7-82D2-4F7B-AA8A-5232B7E83741}.Debug|Any CPU.Build.0 = Debug|Any CPU
		{608CAAB7-82D2-4F7B-AA8A-5232B7E83741}.Release|Any CPU.ActiveCfg = Release|Any CPU
		{608CAAB7-82D2-4F7B-AA8A-5232B7E83741}.Release|Any CPU.Build.0 = Release|Any CPU
	EndGlobalSection
	GlobalSection(SolutionProperties) = preSolution
		HideSolutionNode = FALSE
	EndGlobalSection
	GlobalSection(ExtensibilityGlobals) = postSolution
		SolutionGuid = {CFFDDF54-6D1B-43BF-96FC-66202FDD1A62}
	EndGlobalSection
EndGlobal
